version = 1
revision = 3
requires-python = ">=3.13"

[[package]]
name = "anyio"
version = "4.13.0"
source = { registry = "https://pypi.org/simple" }
dependencies = [
    { name = "idna" },
]
sdist = { url = "https://files.pythonhosted.org/packages/19/14/2c5dd9f512b66549ae92767a9c7b330ae88e1932ca57876909410251fe13/anyio-4.13.0.tar.gz", hash = "sha256:334b70e641fd2221c1505b3890c69882fe4a2df910cba14d97019b90b24439dc", size = 231622, upload-time = "2026-03-24T12:59:09.671Z" }
wheels = [
    { url = "https://files.pythonhosted.org/packages/da/42/e921fccf5015463e32a3cf6ee7f980a6ed0f395ceeaa45060b61d86486c2/anyio-4.13.0-py3-none-any.whl", hash = "sha256:08b310f9e24a9594186fd75b4f73f4a4152069e3853f1ed8bfbf58369f4ad708", size = 114353, upload-time = "2026-03-24T12:59:08.246Z" },
]

[[package]]
name = "certifi"
version = "2026.2.25"
source = { registry = "https://pypi.org/simple" }
sdist = { url = "https://files.pythonhosted.org/packages/af/2d/7bf41579a8986e348fa033a31cdd0e4121114f6bce2457e8876010b092dd/certifi-2026.2.25.tar.gz", hash = "sha256:e887ab5cee78ea814d3472169153c2d12cd43b14bd03329a39a9c6e2e80bfba7", size = 155029, upload-time = "2026-02-25T02:54:17.342Z" }
wheels = [
    { url = "https://files.pythonhosted.org/packages/9a/3c/c17fb3ca2d9c3acff52e30b309f538586f9f5b9c9cf454f3845fc9af4881/certifi-2026.2.25-py3-none-any.whl", hash = "sha256:027692e4402ad994f1c42e52a4997a9763c646b73e4096e4d5d6db8af1d6f0fa", size = 153684, upload-time = "2026-02-25T02:54:15.766Z" },
]

[[package]]
name = "colorama"
version = "0.4.6"
source = { registry = "https://pypi.org/simple" }
sdist = { url = "https://files.pythonhosted.org/packages/d8/53/6f443c9a4a8358a93a6792e2acffb9d9d5cb0a5cfd8802644b7b1c9a02e4/colorama-0.4.6.tar.gz", hash = "sha256:08695f5cb7ed6e0531a20572697297273c47b8cae5a63ffc6d6ed5c201be6e44", size = 27697, upload-time = "2022-10-25T02:36:22.414Z" }
wheels = [
    { url = "https://files.pythonhosted.org/packages/d1/d6/3965ed04c63042e047cb6a3e6ed1a63a35087b6a609aa3a15ed8ac56c221/colorama-0.4.6-py2.py3-none-any.whl", hash = "sha256:4f1d9991f5acc0ca119f9d443620b77f9d6b33703e51011c16baf57afb285fc6", size = 25335, upload-time = "2022-10-25T02:36:20.889Z" },
]

[[package]]
name = "h11"
version = "0.16.0"
source = { registry = "https://pypi.org/simple" }
sdist = { url = "https://files.pythonhosted.org/packages/01/ee/02a2c011bdab74c6fb3c75474d40b3052059d95df7e73351460c8588d963/h11-0.16.0.tar.gz", hash = "sha256:4e35b956cf45792e4caa5885e69fba00bdbc6ffafbfa020300e549b208ee5ff1", size = 101250, upload-time = "2025-04-24T03:35:25.427Z" }
wheels = [
    { url = "https://files.pythonhosted.org/packages/04/4b/29cac41a4d98d144bf5f6d33995617b185d14b22401f75ca86f384e87ff1/h11-0.16.0-py3-none-any.whl", hash = "sha256:63cf8bbe7522de3bf65932fda1d9c2772064ffb3dae62d55932da54b31cb6c86", size = 37515, upload-time = "2025-04-24T03:35:24.344Z" },
]

[[package]]
name = "httpcore"
version = "1.0.9"
source = { registry = "https://pypi.org/simple" }
dependencies = [
    { name = "certifi" },
    { name = "h11" },
]
sdist = { url = "https://files.pythonhosted.org/packages/06/94/82699a10bca87a5556c9c59b5963f2d039dbd239f25bc2a63907a05a14cb/httpcore-1.0.9.tar.gz", hash = "sha256:6e34463af53fd2ab5d807f399a9b45ea31c3dfa2276f15a2c3f00afff6e176e8", size = 85484, upload-time = "2025-04-24T22:06:22.219Z" }
wheels = [
    { url = "https://files.pythonhosted.org/packages/7e/f5/f66802a942d491edb555dd61e3a9961140fd64c90bce1eafd741609d334d/httpcore-1.0.9-py3-none-any.whl", hash = "sha256:2d400746a40668fc9dec9810239072b40b4484b640a8c38fd654a024c7a1bf55", size = 78784, upload-time = "2025-04-24T22:06:20.566Z" },
]

[[package]]
name = "httpx"
version = "0.28.1"
source = { registry = "https://pypi.org/simple" }
dependencies = [
    { name = "anyio" },
    { name = "certifi" },
    { name = "httpcore" },
    { name = "idna" },
]
sdist = { url = "https://files.pythonhosted.org/packages/b1/df/48c586a5fe32a0f01324ee087459e112ebb7224f646c0b5023f5e79e9956/httpx-0.28.1.tar.gz", hash = "sha256:75e98c5f16b0f35b567856f597f06ff2270a374470a5c2392242528e3e3e42fc", size = 141406, upload-time = "2024-12-06T15:37:23.222Z" }
wheels = [
    { url = "https://files.pythonhosted.org/packages/2a/39/e50c7c3a983047577ee07d2a9e53faf5a69493943ec3f6a384bdc792deb2/httpx-0.28.1-py3-none-any.whl", hash = "sha256:d909fcccc110f8c7faf814ca82a9a4d816bc5a6dbfea25d6591d6985b8ba59ad", size = 73517, upload-time = "2024-12-06T15:37:21.509Z" },
]

[[package]]
name = "idna"
version = "3.11"
source = { registry = "https://pypi.org/simple" }
sdist = { url = "https://files.pythonhosted.org/packages/6f/6d/0703ccc57f3a7233505399edb88de3cbd678da106337b9fcde432b65ed60/idna-3.11.tar.gz", hash = "sha256:795dafcc9c04ed0c1fb032c2aa73654d8e8c5023a7df64a53f39190ada629902", size = 194582, upload-time = "2025-10-12T14:55:20.501Z" }
wheels = [
    { url = "https://files.pythonhosted.org/packages/0e/61/66938bbb5fc52dbdf84594873d5b51fb1f7c7794e9c0f5bd885f30bc507b/idna-3.11-py3-none-any.whl", hash = "sha256:771a87f49d9defaf64091e6e6fe9c18d4833f140bd19464795bc32d966ca37ea", size = 71008, upload-time = "2025-10-12T14:55:18.883Z" },
]

[[package]]
name = "iniconfig"
version = "2.3.0"
source = { registry = "https://pypi.org/simple" }
sdist = { url = "https://files.pythonhosted.org/packages/72/34/14ca021ce8e5dfedc35312d08ba8bf51fdd999c576889fc2c24cb97f4f10/iniconfig-2.3.0.tar.gz", hash = "sha256:c76315c77db068650d49c5b56314774a7804df16fee4402c1f19d6d15d8c4730", size = 20503, upload-time = "2025-10-18T21:55:43.219Z" }
wheels = [
    { url = "https://files.pythonhosted.org/packages/cb/b1/3846dd7f199d53cb17f49cba7e651e9ce294d8497c8c150530ed11865bb8/iniconfig-2.3.0-py3-none-any.whl", hash = "sha256:f631c04d2c48c52b84d0d0549c99ff3859c98df65b3101406327ecc7d53fbf12", size = 7484, upload-time = "2025-10-18T21:55:41.639Z" },
]

[[package]]
name = "momo-e2e-test"
version = "0.0.0"
source = { virtual = "." }

[package.dev-dependencies]
dev = [
    { name = "httpx" },
    { name = "pyjwt" },
    { name = "pytest" },
    { name = "pytest-repeat" },
    { name = "pytest-rerunfailures" },
    { name = "pytest-timeout" },
    { name = "python-dotenv" },
    { name = "ruff" },
    { name = "ty" },
    { name = "websockets" },
]

[package.metadata]

[package.metadata.requires-dev]
dev = [
    { name = "httpx" },
    { name = "pyjwt" },
    { name = "pytest" },
    { name = "pytest-repeat" },
    { name = "pytest-rerunfailures" },
    { name = "pytest-timeout" },
    { name = "python-dotenv" },
    { name = "ruff" },
    { name = "ty" },
    { name = "websockets" },
]

[[package]]
name = "packaging"
version = "26.0"
source = { registry = "https://pypi.org/simple" }
sdist = { url = "https://files.pythonhosted.org/packages/65/ee/299d360cdc32edc7d2cf530f3accf79c4fca01e96ffc950d8a52213bd8e4/packaging-26.0.tar.gz", hash = "sha256:00243ae351a257117b6a241061796684b084ed1c516a08c48a3f7e147a9d80b4", size = 143416, upload-time = "2026-01-21T20:50:39.064Z" }
wheels = [
    { url = "https://files.pythonhosted.org/packages/b7/b9/c538f279a4e237a006a2c98387d081e9eb060d203d8ed34467cc0f0b9b53/packaging-26.0-py3-none-any.whl", hash = "sha256:b36f1fef9334a5588b4166f8bcd26a14e521f2b55e6b9de3aaa80d3ff7a37529", size = 74366, upload-time = "2026-01-21T20:50:37.788Z" },
]

[[package]]
name = "pluggy"
version = "1.6.0"
source = { registry = "https://pypi.org/simple" }
sdist = { url = "https://files.pythonhosted.org/packages/f9/e2/3e91f31a7d2b083fe6ef3fa267035b518369d9511ffab804f839851d2779/pluggy-1.6.0.tar.gz", hash = "sha256:7dcc130b76258d33b90f61b658791dede3486c3e6bfb003ee5c9bfb396dd22f3", size = 69412, upload-time = "2025-05-15T12:30:07.975Z" }
wheels = [
    { url = "https://files.pythonhosted.org/packages/54/20/4d324d65cc6d9205fabedc306948156824eb9f0ee1633355a8f7ec5c66bf/pluggy-1.6.0-py3-none-any.whl", hash = "sha256:e920276dd6813095e9377c0bc5566d94c932c33b27a3e3945d8389c374dd4746", size = 20538, upload-time = "2025-05-15T12:30:06.134Z" },
]

[[package]]
name = "pygments"
version = "2.20.0"
source = { registry = "https://pypi.org/simple" }
sdist = { url = "https://files.pythonhosted.org/packages/c3/b2/bc9c9196916376152d655522fdcebac55e66de6603a76a02bca1b6414f6c/pygments-2.20.0.tar.gz", hash = "sha256:6757cd03768053ff99f3039c1a36d6c0aa0b263438fcab17520b30a303a82b5f", size = 4955991, upload-time = "2026-03-29T13:29:33.898Z" }
wheels = [
    { url = "https://files.pythonhosted.org/packages/f4/7e/a72dd26f3b0f4f2bf1dd8923c85f7ceb43172af56d63c7383eb62b332364/pygments-2.20.0-py3-none-any.whl", hash = "sha256:81a9e26dd42fd28a23a2d169d86d7ac03b46e2f8b59ed4698fb4785f946d0176", size = 1231151, upload-time = "2026-03-29T13:29:30.038Z" },
]

[[package]]
name = "pyjwt"
version = "2.12.1"
source = { registry = "https://pypi.org/simple" }
sdist = { url = "https://files.pythonhosted.org/packages/c2/27/a3b6e5bf6ff856d2509292e95c8f57f0df7017cf5394921fc4e4ef40308a/pyjwt-2.12.1.tar.gz", hash = "sha256:c74a7a2adf861c04d002db713dd85f84beb242228e671280bf709d765b03672b", size = 102564, upload-time = "2026-03-13T19:27:37.25Z" }
wheels = [
    { url = "https://files.pythonhosted.org/packages/e5/7a/8dd906bd22e79e47397a61742927f6747fe93242ef86645ee9092e610244/pyjwt-2.12.1-py3-none-any.whl", hash = "sha256:28ca37c070cad8ba8cd9790cd940535d40274d22f80ab87f3ac6a713e6e8454c", size = 29726, upload-time = "2026-03-13T19:27:35.677Z" },
]

[[package]]
name = "pytest"
version = "9.0.2"
source = { registry = "https://pypi.org/simple" }
dependencies = [
    { name = "colorama", marker = "sys_platform == 'win32'" },
    { name = "iniconfig" },
    { name = "packaging" },
    { name = "pluggy" },
    { name = "pygments" },
]
sdist = { url = "https://files.pythonhosted.org/packages/d1/db/7ef3487e0fb0049ddb5ce41d3a49c235bf9ad299b6a25d5780a89f19230f/pytest-9.0.2.tar.gz", hash = "sha256:75186651a92bd89611d1d9fc20f0b4345fd827c41ccd5c299a868a05d70edf11", size = 1568901, upload-time = "2025-12-06T21:30:51.014Z" }
wheels = [
    { url = "https://files.pythonhosted.org/packages/3b/ab/b3226f0bd7cdcf710fbede2b3548584366da3b19b5021e74f5bde2a8fa3f/pytest-9.0.2-py3-none-any.whl", hash = "sha256:711ffd45bf766d5264d487b917733b453d917afd2b0ad65223959f59089f875b", size = 374801, upload-time = "2025-12-06T21:30:49.154Z" },
]

[[package]]
name = "pytest-repeat"
version = "0.9.4"
source = { registry = "https://pypi.org/simple" }
dependencies = [
    { name = "pytest" },
]
sdist = { url = "https://files.pythonhosted.org/packages/80/d4/69e9dbb9b8266df0b157c72be32083403c412990af15c7c15f7a3fd1b142/pytest_repeat-0.9.4.tar.gz", hash = "sha256:d92ac14dfaa6ffcfe6917e5d16f0c9bc82380c135b03c2a5f412d2637f224485", size = 6488, upload-time = "2025-04-07T14:59:53.077Z" }
wheels = [
    { url = "https://files.pythonhosted.org/packages/73/d4/8b706b81b07b43081bd68a2c0359fe895b74bf664b20aca8005d2bb3be71/pytest_repeat-0.9.4-py3-none-any.whl", hash = "sha256:c1738b4e412a6f3b3b9e0b8b29fcd7a423e50f87381ad9307ef6f5a8601139f3", size = 4180, upload-time = "2025-04-07T14:59:51.492Z" },
]

[[package]]
name = "pytest-rerunfailures"
version = "16.1"
source = { registry = "https://pypi.org/simple" }
dependencies = [
    { name = "packaging" },
    { name = "pytest" },
]
sdist = { url = "https://files.pythonhosted.org/packages/de/04/71e9520551fc8fe2cf5c1a1842e4e600265b0815f2016b7c27ec85688682/pytest_rerunfailures-16.1.tar.gz", hash = "sha256:c38b266db8a808953ebd71ac25c381cb1981a78ff9340a14bcb9f1b9bff1899e", size = 30889, upload-time = "2025-10-10T07:06:01.238Z" }
wheels = [
    { url = "https://files.pythonhosted.org/packages/77/54/60eabb34445e3db3d3d874dc1dfa72751bfec3265bd611cb13c8b290adea/pytest_rerunfailures-16.1-py3-none-any.whl", hash = "sha256:5d11b12c0ca9a1665b5054052fcc1084f8deadd9328962745ef6b04e26382e86", size = 14093, upload-time = "2025-10-10T07:06:00.019Z" },
]

[[package]]
name = "pytest-timeout"
version = "2.4.0"
source = { registry = "https://pypi.org/simple" }
dependencies = [
    { name = "pytest" },
]
sdist = { url = "https://files.pythonhosted.org/packages/ac/82/4c9ecabab13363e72d880f2fb504c5f750433b2b6f16e99f4ec21ada284c/pytest_timeout-2.4.0.tar.gz", hash = "sha256:7e68e90b01f9eff71332b25001f85c75495fc4e3a836701876183c4bcfd0540a", size = 17973, upload-time = "2025-05-05T19:44:34.99Z" }
wheels = [
    { url = "https://files.pythonhosted.org/packages/fa/b6/3127540ecdf1464a00e5a01ee60a1b09175f6913f0644ac748494d9c4b21/pytest_timeout-2.4.0-py3-none-any.whl", hash = "sha256:c42667e5cdadb151aeb5b26d114aff6bdf5a907f176a007a30b940d3d865b5c2", size = 14382, upload-time = "2025-05-05T19:44:33.502Z" },
]

[[package]]
name = "python-dotenv"
version = "1.2.2"
source = { registry = "https://pypi.org/simple" }
sdist = { url = "https://files.pythonhosted.org/packages/82/ed/0301aeeac3e5353ef3d94b6ec08bbcabd04a72018415dcb29e588514bba8/python_dotenv-1.2.2.tar.gz", hash = "sha256:2c371a91fbd7ba082c2c1dc1f8bf89ca22564a087c2c287cd9b662adde799cf3", size = 50135, upload-time = "2026-03-01T16:00:26.196Z" }
wheels = [
    { url = "https://files.pythonhosted.org/packages/0b/d7/1959b9648791274998a9c3526f6d0ec8fd2233e4d4acce81bbae76b44b2a/python_dotenv-1.2.2-py3-none-any.whl", hash = "sha256:1d8214789a24de455a8b8bd8ae6fe3c6b69a5e3d64aa8a8e5d68e694bbcb285a", size = 22101, upload-time = "2026-03-01T16:00:25.09Z" },
]

[[package]]
name = "ruff"
version = "0.15.8"
source = { registry = "https://pypi.org/simple" }
sdist = { url = "https://files.pythonhosted.org/packages/14/b0/73cf7550861e2b4824950b8b52eebdcc5adc792a00c514406556c5b80817/ruff-0.15.8.tar.gz", hash = "sha256:995f11f63597ee362130d1d5a327a87cb6f3f5eae3094c620bcc632329a4d26e", size = 4610921, upload-time = "2026-03-26T18:39:38.675Z" }
wheels = [
    { url = "https://files.pythonhosted.org/packages/4a/92/c445b0cd6da6e7ae51e954939cb69f97e008dbe750cfca89b8cedc081be7/ruff-0.15.8-py3-none-linux_armv6l.whl", hash = "sha256:cbe05adeba76d58162762d6b239c9056f1a15a55bd4b346cfd21e26cd6ad7bc7", size = 10527394, upload-time = "2026-03-26T18:39:41.566Z" },
    { url = "https://files.pythonhosted.org/packages/eb/92/f1c662784d149ad1414cae450b082cf736430c12ca78367f20f5ed569d65/ruff-0.15.8-py3-none-macosx_10_12_x86_64.whl", hash = "sha256:d3e3d0b6ba8dca1b7ef9ab80a28e840a20070c4b62e56d675c24f366ef330570", size = 10905693, upload-time = "2026-03-26T18:39:30.364Z" },
    { url = "https://files.pythonhosted.org/packages/ca/f2/7a631a8af6d88bcef997eb1bf87cc3da158294c57044aafd3e17030613de/ruff-0.15.8-py3-none-macosx_11_0_arm64.whl", hash = "sha256:6ee3ae5c65a42f273f126686353f2e08ff29927b7b7e203b711514370d500de3", size = 10323044, upload-time = "2026-03-26T18:39:33.37Z" },
    { url = "https://files.pythonhosted.org/packages/67/18/1bf38e20914a05e72ef3b9569b1d5c70a7ef26cd188d69e9ca8ef588d5bf/ruff-0.15.8-py3-none-manylinux_2_17_aarch64.manylinux2014_aarch64.whl", hash = "sha256:fdce027ada77baa448077ccc6ebb2fa9c3c62fd110d8659d601cf2f475858d94", size = 10629135, upload-time = "2026-03-26T18:39:44.142Z" },
    { url = "https://files.pythonhosted.org/packages/d2/e9/138c150ff9af60556121623d41aba18b7b57d95ac032e177b6a53789d279/ruff-0.15.8-py3-none-manylinux_2_17_armv7l.manylinux2014_armv7l.whl", hash = "sha256:12e617fc01a95e5821648a6df341d80456bd627bfab8a829f7cfc26a14a4b4a3", size = 10348041, upload-time = "2026-03-26T18:39:52.178Z" },
    { url = "https://files.pythonhosted.org/packages/02/f1/5bfb9298d9c323f842c5ddeb85f1f10ef51516ac7a34ba446c9347d898df/ruff-0.15.8-py3-none-manylinux_2_17_i686.manylinux2014_i686.whl", hash = "sha256:432701303b26416d22ba696c39f2c6f12499b89093b61360abc34bcc9bf07762", size = 11121987, upload-time = "2026-03-26T18:39:55.195Z" },
    { url = "https://files.pythonhosted.org/packages/10/11/6da2e538704e753c04e8d86b1fc55712fdbdcc266af1a1ece7a51fff0d10/ruff-0.15.8-py3-none-manylinux_2_17_ppc64le.manylinux2014_ppc64le.whl", hash = "sha256:d910ae974b7a06a33a057cb87d2a10792a3b2b3b35e33d2699fdf63ec8f6b17a", size = 11951057, upload-time = "2026-03-26T18:39:19.18Z" },
    { url = "https://files.pythonhosted.org/packages/83/f0/c9208c5fd5101bf87002fed774ff25a96eea313d305f1e5d5744698dc314/ruff-0.15.8-py3-none-manylinux_2_17_s390x.manylinux2014_s390x.whl", hash = "sha256:2033f963c43949d51e6fdccd3946633c6b37c484f5f98c3035f49c27395a8ab8", size = 11464613, upload-time = "2026-03-26T18:40:06.301Z" },
    { url = "https://files.pythonhosted.org/packages/f8/22/d7f2fabdba4fae9f3b570e5605d5eb4500dcb7b770d3217dca4428484b17/ruff-0.15.8-py3-none-manylinux_2_17_x86_64.manylinux2014_x86_64.whl", hash = "sha256:0f29b989a55572fb885b77464cf24af05500806ab4edf9a0fd8977f9759d85b1", size = 11257557, upload-time = "2026-03-26T18:39:57.972Z" },
    { url = "https://files.pythonhosted.org/packages/71/8c/382a9620038cf6906446b23ce8632ab8c0811b8f9d3e764f58bedd0c9a6f/ruff-0.15.8-py3-none-manylinux_2_31_riscv64.whl", hash = "sha256:ac51d486bf457cdc985a412fb1801b2dfd1bd8838372fc55de64b1510eff4bec", size = 11169440, upload-time = "2026-03-26T18:39:22.205Z" },
    { url = "https://files.pythonhosted.org/packages/4d/0d/0994c802a7eaaf99380085e4e40c845f8e32a562e20a38ec06174b52ef24/ruff-0.15.8-py3-none-musllinux_1_2_aarch64.whl", hash = "sha256:c9861eb959edab053c10ad62c278835ee69ca527b6dcd72b47d5c1e5648964f6", size = 10605963, upload-time = "2026-03-26T18:39:46.682Z" },
    { url = "https://files.pythonhosted.org/packages/19/aa/d624b86f5b0aad7cef6bbf9cd47a6a02dfdc4f72c92a337d724e39c9d14b/ruff-0.15.8-py3-none-musllinux_1_2_armv7l.whl", hash = "sha256:8d9a5b8ea13f26ae90838afc33f91b547e61b794865374f114f349e9036835fb", size = 10357484, upload-time = "2026-03-26T18:39:49.176Z" },
    { url = "https://files.pythonhosted.org/packages/35/c3/e0b7835d23001f7d999f3895c6b569927c4d39912286897f625736e1fd04/ruff-0.15.8-py3-none-musllinux_1_2_i686.whl", hash = "sha256:c2a33a529fb3cbc23a7124b5c6ff121e4d6228029cba374777bd7649cc8598b8", size = 10830426, upload-time = "2026-03-26T18:40:03.702Z" },
    { url = "https://files.pythonhosted.org/packages/f0/51/ab20b322f637b369383adc341d761eaaa0f0203d6b9a7421cd6e783d81b9/ruff-0.15.8-py3-none-musllinux_1_2_x86_64.whl", hash = "sha256:75e5cd06b1cf3f47a3996cfc999226b19aa92e7cce682dcd62f80d7035f98f49", size = 11345125, upload-time = "2026-03-26T18:39:27.799Z" },
    { url = "https://files.pythonhosted.org/packages/37/e6/90b2b33419f59d0f2c4c8a48a4b74b460709a557e8e0064cf33ad894f983/ruff-0.15.8-py3-none-win32.whl", hash = "sha256:bc1f0a51254ba21767bfa9a8b5013ca8149dcf38092e6a9eb704d876de94dc34", size = 10571959, upload-time = "2026-03-26T18:39:36.117Z" },
    { url = "https://files.pythonhosted.org/packages/1f/a2/ef467cb77099062317154c63f234b8a7baf7cb690b99af760c5b68b9ee7f/ruff-0.15.8-py3-none-win_amd64.whl", hash = "sha256:04f79eff02a72db209d47d665ba7ebcad609d8918a134f86cb13dd132159fc89", size = 11743893, upload-time = "2026-03-26T18:39:25.01Z" },
    { url = "https://files.pythonhosted.org/packages/15/e2/77be4fff062fa78d9b2a4dea85d14785dac5f1d0c1fb58ed52331f0ebe28/ruff-0.15.8-py3-none-win_arm64.whl", hash = "sha256:cf891fa8e3bb430c0e7fac93851a5978fc99c8fa2c053b57b118972866f8e5f2", size = 11048175, upload-time = "2026-03-26T18:40:01.06Z" },
]

[[package]]
name = "ty"
version = "0.0.26"
source = { registry = "https://pypi.org/simple" }
sdist = { url = "https://files.pythonhosted.org/packages/18/94/4879b81f8681117ccaf31544579304f6dc2ddcc0c67f872afb35869643a2/ty-0.0.26.tar.gz", hash = "sha256:0496b62405d62de7b954d6d677dc1cc5d3046197215d7a0a7fef37745d7b6d29", size = 5393643, upload-time = "2026-03-26T16:27:11.067Z" }
wheels = [
    { url = "https://files.pythonhosted.org/packages/83/24/99fe33ecd7e16d23c53b0d4244778c6d1b6eb1663b091236dcba22882d67/ty-0.0.26-py3-none-linux_armv6l.whl", hash = "sha256:35beaa56cf59725fd59ab35d8445bbd40b97fe76db39b052b1fcb31f9bf8adf7", size = 10521856, upload-time = "2026-03-26T16:27:06.335Z" },
    { url = "https://files.pythonhosted.org/packages/55/97/1b5e939e2ff69b9bb279ab680bfa8f677d886309a1ac8d9588fd6ce58146/ty-0.0.26-py3-none-macosx_10_12_x86_64.whl", hash = "sha256:487a0be58ab0eb02e31ba71eb6953812a0f88e50633469b0c0ce3fb795fe0fa1", size = 10320958, upload-time = "2026-03-26T16:27:13.849Z" },
    { url = "https://files.pythonhosted.org/packages/71/25/37081461e13d38a190e5646948d7bc42084f7bd1c6b44f12550be3923e7e/ty-0.0.26-py3-none-macosx_11_0_arm64.whl", hash = "sha256:a01b7de5693379646d423b68f119719a1338a20017ba48a93eefaff1ee56f97b", size = 9799905, upload-time = "2026-03-26T16:26:55.805Z" },
    { url = "https://files.pythonhosted.org/packages/a1/1c/295d8f55a7b0e037dfc3a5ec4bdda3ab3cbca6f492f725bf269f96a4d841/ty-0.0.26-py3-none-manylinux_2_17_aarch64.manylinux2014_aarch64.whl", hash = "sha256:628c3ee869d113dd2bd249925662fd39d9d0305a6cb38f640ddaa7436b74a1ef", size = 10317507, upload-time = "2026-03-26T16:27:31.887Z" },
    { url = "https://files.pythonhosted.org/packages/1d/62/48b3875c5d2f48fe017468d4bbdde1164c76a8184374f1d5e6162cf7d9b8/ty-0.0.26-py3-none-manylinux_2_17_armv7l.manylinux2014_armv7l.whl", hash = "sha256:63d04f35f5370cbc91c0b9675dc83e0c53678125a7b629c9c95769e86f123e65", size = 10319821, upload-time = "2026-03-26T16:27:29.647Z" },
    { url = "https://files.pythonhosted.org/packages/ff/28/cfb2d495046d5bf42d532325cea7412fa1189912d549dbfae417a24fd794/ty-0.0.26-py3-none-manylinux_2_17_i686.manylinux2014_i686.whl", hash = "sha256:4a53c4e6f6a91927f8b90e584a4b12bcde05b0c1870ddff8d17462168ad7947a", size = 10831757, upload-time = "2026-03-26T16:27:37.441Z" },
    { url = "https://files.pythonhosted.org/packages/26/bf/dbc3e42f448a2d862651de070b4108028c543ca18cab096b38d7de449915/ty-0.0.26-py3-none-manylinux_2_17_ppc64le.manylinux2014_ppc64le.whl", hash = "sha256:caf2ced0e58d898d5e3ba5cb843e0ebd377c8a461464748586049afbd9321f51", size = 11369556, upload-time = "2026-03-26T16:26:58.655Z" },
    { url = "https://files.pythonhosted.org/packages/92/4c/6d2f8f34bc6d502ab778c9345a4a936a72ae113de11329c1764bb1f204f6/ty-0.0.26-py3-none-manylinux_2_17_s390x.manylinux2014_s390x.whl", hash = "sha256:384807bbcb7d7ce9b97ee5aaa6417a8ae03ccfb426c52b08018ca62cf60f5430", size = 11085679, upload-time = "2026-03-26T16:27:21.746Z" },
    { url = "https://files.pythonhosted.org/packages/cc/f4/f3f61c203bc980dd9bba0ba7ed3c6e81ddfd36b286330f9487c2c7d041aa/ty-0.0.26-py3-none-manylinux_2_17_x86_64.manylinux2014_x86_64.whl", hash = "sha256:8a2c766a94d79b4f82995d41229702caf2d76e5c440ec7e543d05c70e98bf8ab", size = 10900581, upload-time = "2026-03-26T16:27:24.39Z" },
    { url = "https://files.pythonhosted.org/packages/3d/fd/3ca1b4e4bdd129829e9ce78677e0f8e0f1038a7702dccecfa52f037c6046/ty-0.0.26-py3-none-musllinux_1_2_aarch64.whl", hash = "sha256:f41ac45a0f8e3e8e181508d863a0a62156341db0f624ffd004b97ee550a9de80", size = 10294401, upload-time = "2026-03-26T16:27:03.999Z" },
    { url = "https://files.pythonhosted.org/packages/de/20/4ee3d8c3f90e008843795c765cb8bb245f188c23e5e5cc612c7697406fba/ty-0.0.26-py3-none-musllinux_1_2_armv7l.whl", hash = "sha256:73eb8327a34d529438dfe4db46796946c4e825167cbee434dc148569892e435f", size = 10351469, upload-time = "2026-03-26T16:27:19.003Z" },
    { url = "https://files.pythonhosted.org/packages/3d/b1/9fb154ade65906d4148f0b999c4a8257c2a34253cb72e15d84c1f04a064e/ty-0.0.26-py3-none-musllinux_1_2_i686.whl", hash = "sha256:4bb53a79259516535a1b55f613ba1619e9c666854946474ca8418c35a5c4fd60", size = 10529488, upload-time = "2026-03-26T16:27:01.378Z" },
    { url = "https://files.pythonhosted.org/packages/a5/70/9b02b03b1862e27b64143db65946d68b138160a5b6bfea193bee0b8bbc34/ty-0.0.26-py3-none-musllinux_1_2_x86_64.whl", hash = "sha256:2f0e75edc1aeb1b4b84af516c7891f631254a4ca3dcd15e848fa1e061e1fe9da", size = 10999015, upload-time = "2026-03-26T16:27:34.636Z" },
    { url = "https://files.pythonhosted.org/packages/21/16/0a56b8667296e2989b9d48095472d98ebf57a0006c71f2a101bbc62a142d/ty-0.0.26-py3-none-win32.whl", hash = "sha256:943c998c5523ed6b519c899c0c39b26b4c751a9759e460fb964765a44cde226f", size = 9912378, upload-time = "2026-03-26T16:27:08.999Z" },
    { url = "https://files.pythonhosted.org/packages/60/c2/fef0d4bba9cd89a82d725b3b1a66efb1b36629ecf0fb1d8e916cb75b8829/ty-0.0.26-py3-none-win_amd64.whl", hash = "sha256:19c856d343efeb1ecad8ee220848f5d2c424daf7b2feda357763ad3036e2172f", size = 10863737, upload-time = "2026-03-26T16:27:27.06Z" },
    { url = "https://files.pythonhosted.org/packages/4d/05/888ebcb3c4d3b6b72d5d3241fddd299142caa3c516e6d26a9cd887dfed3b/ty-0.0.26-py3-none-win_arm64.whl", hash = "sha256:2cde58ccffa046db1223dc28f3e7d4f2c7da8267e97cc5cd186af6fe85f1758a", size = 10285408, upload-time = "2026-03-26T16:27:16.432Z" },
]

[[package]]
name = "websockets"
version = "17.0.1"
source = { registry = "https://pypi.org/simple" }
sdist = { url = "https://files.pythonhosted.org/packages/f7/96/e01084f83a64bcb3a27994bd0cb0db68ff29d9c6707fae37ec19b18ba990/websockets-17.0.1.tar.gz", hash = "sha256:5baa9bc0dfbae8c507e51c8cf1b6d4628086f7a87bbd3a9952bd5f035451f1cc", size = 183298, upload-time = "2026-07-31T11:31:27.665Z" }
wheels = [
    { url = "https://files.pythonhosted.org/packages/ba/a8/79c577bc2f874ee22f6f5ccdab97ba9ce6b96806be3fcc3a6d8490f88a21/websockets-17.0.1-cp313-cp313-macosx_10_13_universal2.whl", hash = "sha256:55b12e47dcee83673a40d07686cfb6f9d6dfc285976ade9463f61d2bef3fad22", size = 212593, upload-time = "2026-07-31T11:29:56.518Z" },
    { url = "https://files.pythonhosted.org/packages/db/99/e1cfaf419bb3b2fcfd6792a846f1d936293132b0b9a56530ced016c83c7b/websockets-17.0.1-cp313-cp313-macosx_10_13_x86_64.whl", hash = "sha256:c1c118a6b0e25bfc9a6802075d748fa6321714ffbdf3c88d29d9a0e3c7386c75", size = 210280, upload-time = "2026-07-31T11:29:57.768Z" },
    { url = "https://files.pythonhosted.org/packages/a2/ef/cc994494bf7d97e41833f6ff55c24f535e4d527a10370b9631737e9c2f00/websockets-17.0.1-cp313-cp313-macosx_11_0_arm64.whl", hash = "sha256:734d20364dc2cfe03674883cafcf580b6e431c5ce42b476312b9285310230cf9", size = 210538, upload-time = "2026-07-31T11:29:59.021Z" },
    { url = "https://files.pythonhosted.org/packages/87/32/fbf2d132f63ba3e67f675bccf333469786a24e0418969ce1d8e6ff9e6f02/websockets-17.0.1-cp313-cp313-manylinux1_i686.manylinux_2_28_i686.manylinux_2_5_i686.whl", hash = "sha256:9493314a99e599163c854fb5900ad7f7ea38c5cb9d9103aa30b3c6b8181c01fa", size = 219925, upload-time = "2026-07-31T11:30:00.298Z" },
    { url = "https://files.pythonhosted.org/packages/16/50/64eee3d25a47fe744a9490e0627cc373dca096755db740f91c28bd61cd35/websockets-17.0.1-cp313-cp313-manylinux1_x86_64.manylinux_2_28_x86_64.manylinux_2_5_x86_64.whl", hash = "sha256:18ded646ce98cdd3c0235825b3252f1df55765ba49b616bb10282f758667b4d0", size = 220206, upload-time = "2026-07-31T11:30:01.52Z" },
    { url = "https://files.pythonhosted.org/packages/15/56/10ed4bc4dd75f204e3c62bd4898e44a8742a27773c80b188cfa7888aad2d/websockets-17.0.1-cp313-cp313-manylinux2014_aarch64.manylinux_2_17_aarch64.manylinux_2_28_aarch64.whl", hash = "sha256:c1bec5d6a19f5fbe87e4940739cfc65e7bb53d8b353e1029b8037a1653b321bc", size = 221445, upload-time = "2026-07-31T11:30:02.788Z" },
    { url = "https://files.pythonhosted.org/packages/bf/be/bb14328614c068ab09569962fbf218fc00413ce3febc6d2684c764b6f37e/websockets-17.0.1-cp313-cp313-manylinux2014_armv7l.manylinux_2_17_armv7l.manylinux_2_31_armv7l.whl", hash = "sha256:872273e629ca7e3d35f16a2dc6ede84e1d5c831e616b8277de6e4f83114e7c58", size = 222887, upload-time = "2026-07-31T11:30:03.943Z" },
    { url = "https://files.pythonhosted.org/packages/32/1b/4cb0eec2fee310007104687493175af190019f705940c864f9c523fe9f6f/websockets-17.0.1-cp313-cp313-manylinux2014_ppc64le.manylinux_2_17_ppc64le.manylinux_2_28_ppc64le.whl", hash = "sha256:1df81d174c1561292de9e40b141cafc04f69077272f6c352afe1d743e20810df", size = 222072, upload-time = "2026-07-31T11:30:05.258Z" },
    { url = "https://files.pythonhosted.org/packages/6c/9c/14e6391de777ddb39c439c450deb551406d445e25a5877d6fa25c49d4544/websockets-17.0.1-cp313-cp313-manylinux2014_s390x.manylinux_2_17_s390x.manylinux_2_28_s390x.whl", hash = "sha256:759adeb5b0c5775b563254ec63b5b79089fc0045b479143a0b1b8c0ebaae1253", size = 220826, upload-time = "2026-07-31T11:30:06.53Z" },
    { url = "https://files.pythonhosted.org/packages/cb/57/96e94e384442247bbed5d3ab67381c7257355c2d66b62c3ad33a17f5d385/websockets-17.0.1-cp313-cp313-manylinux_2_31_riscv64.manylinux_2_39_riscv64.whl", hash = "sha256:4d1d99db29b5444e3982f1ce2ba8a833508ad44b2f1fbd0bd99e81d825c0b461", size = 218107, upload-time = "2026-07-31T11:30:07.766Z" },
    { url = "https://files.pythonhosted.org/packages/c0/8c/9c9dedd14c3919435df9b35cdee7111268c751252b87652f3a6a4f56e760/websockets-17.0.1-cp313-cp313-musllinux_1_2_aarch64.whl", hash = "sha256:02ed63bf26dda9fa27df730a41f6664586c4ee05972c8fb667ce1725b3fd13d3", size = 220889, upload-time = "2026-07-31T11:30:09.035Z" },
    { url = "https://files.pythonhosted.org/packages/94/4d/ca73c2ac82c00f50c529784bacb323e42da4816333211bc1543d90c9cf11/websockets-17.0.1-cp313-cp313-musllinux_1_2_armv7l.whl", hash = "sha256:eab6de8a98b9a7772cf686d00b4de439fc7efb8ab05ae106ef227291d06f87c5", size = 219486, upload-time = "2026-07-31T11:30:10.289Z" },
    { url = "https://files.pythonhosted.org/packages/5b/da/fb37ac09dcd7c69dd73bac979ed393df35f78a3c232e293d1ff3bd586d24/websockets-17.0.1-cp313-cp313-musllinux_1_2_i686.whl", hash = "sha256:2a855b6dfe21c4d3420be265ae031829ba8ba0be0ea350d9f7c3ef30ae63ebe2", size = 220258, upload-time = "2026-07-31T11:30:11.605Z" },
    { url = "https://files.pythonhosted.org/packages/fc/04/9693f191d968a93f37326a17301a101d49580889c688f466699f89ecdee1/websockets-17.0.1-cp313-cp313-musllinux_1_2_ppc64le.whl", hash = "sha256:7002d5f9e1c3ddd991cdfdbfee18cc8c8b196b2445022892badacd6cb338bbbc", size = 221358, upload-time = "2026-07-31T11:30:12.858Z" },
    { url = "https://files.pythonhosted.org/packages/cf/29/ad0d85c01db5dcf22898d51648bd2c25af0dd0a4a41c550b11acddeeeba7/websockets-17.0.1-cp313-cp313-musllinux_1_2_riscv64.whl", hash = "sha256:c395bda8e7d8f51a02e80261fb57127979e5c472675d9a96b2860619ad47da48", size = 218921, upload-time = "2026-07-31T11:30:14.064Z" },
    { url = "https://files.pythonhosted.org/packages/18/3b/bf8e855e495dcca63f2b8aa019cf2ada3160e1fa66d833c7417f3b1f7f38/websockets-17.0.1-cp313-cp313-musllinux_1_2_s390x.whl", hash = "sha256:aadc298969ad229d8e3029fc5cc751fdad286696230f9cf014e90ff9cd8e6ea0", size = 219871, upload-time = "2026-07-31T11:30:15.358Z" },
    { url = "https://files.pythonhosted.org/packages/3b/db/c7abd6639a93a40279cd1ddc57e09e1c4f8381c4cfccdb775aa5aac9770a/websockets-17.0.1-cp313-cp313-musllinux_1_2_x86_64.whl", hash = "sha256:f11a398d8170b7ac5000baf7f258dcda579ef3ea744e0cc6a165e0dfbc0d3198", size = 220154, upload-time = "2026-07-31T11:30:16.96Z" },
    { url = "https://files.pythonhosted.org/packages/f6/2a/25a9f8f2e5a6ef34e911d2f55d9f756bdeb92b4c28cfb77b8430bbc73cb1/websockets-17.0.1-cp313-cp313-win32.whl", hash = "sha256:846a4a8b0833e3cad57523d9e3bd50ec8ea05ab9d06c582f82a1340ba096af5f", size = 213038, upload-time = "2026-07-31T11:30:18.434Z" },
    { url = "https://files.pythonhosted.org/packages/81/2f/ea1380f72bb11b64fc5bc7ae0d42de5bbf3e6dc13b965706b2a1d4e17cdf/websockets-17.0.1-cp313-cp313-win_amd64.whl", hash = "sha256:409d93efcaa14f7a99592c5baaef5ec6ca94fba0f5aec1a86f693977c69c9c1c", size = 213348, upload-time = "2026-07-31T11:30:19.693Z" },
    { url = "https://files.pythonhosted.org/packages/e6/c7/b956ed9151c3c74530ebc62d716fbfdbde7507a6acc6423a64f9ecfb6b8a/websockets-17.0.1-cp313-cp313-win_arm64.whl", hash = "sha256:90246fa9e6cb192a778ce6ce024057ec54317a894db7899c922dcdc1f4cbf6a5", size = 213282, upload-time = "2026-07-31T11:30:21.045Z" },
    { url = "https://files.pythonhosted.org/packages/98/dc/cadab608924ac605647031472fb1f8792d7d4ea07565ba1899ec42028e0d/websockets-17.0.1-cp314-cp314-macosx_10_15_universal2.whl", hash = "sha256:53b90c00bc6201ab6695c7ff51a04d0e425514c37515e9eeecd2c1b978ac6c0e", size = 212640, upload-time = "2026-07-31T11:30:22.436Z" },
    { url = "https://files.pythonhosted.org/packages/16/7a/b034d13ca181211bbd58bb50835cb196a7784cd505b5a2079d4d03374f9f/websockets-17.0.1-cp314-cp314-macosx_10_15_x86_64.whl", hash = "sha256:5f33a649bfcb8312524173cc4bbafa7dbb236e18eee9aa31a1d324ca0ddda28c", size = 210332, upload-time = "2026-07-31T11:30:23.608Z" },
    { url = "https://files.pythonhosted.org/packages/2f/4d/943ede39b53744768edf1ed84a3f9401527388228a3d6c1249c02c3d6bd7/websockets-17.0.1-cp314-cp314-macosx_11_0_arm64.whl", hash = "sha256:cddc675ec31bca65473321f9a9794e488b43b3b8de5d02c8ef4810c5d5792163", size = 210546, upload-time = "2026-07-31T11:30:24.932Z" },
    { url = "https://files.pythonhosted.org/packages/cf/e3/88dc159d2ae66743c669443246243f28d873b0c5e58271b8cc1ca0440334/websockets-17.0.1-cp314-cp314-manylinux1_i686.manylinux_2_28_i686.manylinux_2_5_i686.whl", hash = "sha256:b3ff0ad440ad52dda64138f16895f66403f40192365e39b1010e889f289746b0", size = 219928, upload-time = "2026-07-31T11:30:26.221Z" },
    { url = "https://files.pythonhosted.org/packages/fe/f2/ff27eaefa15851a5cf7f004ab827a022bf2d6632cb520f89cb100db7e84b/websockets-17.0.1-cp314-cp314-manylinux1_x86_64.manylinux_2_28_x86_64.manylinux_2_5_x86_64.whl", hash = "sha256:72d7f2a5aeb4e82daa4ee18f125b4277f427033359be5c745ad709608446cc2c", size = 220279, upload-time = "2026-07-31T11:30:27.49Z" },
    { url = "https://files.pythonhosted.org/packages/19/2e/a5166149f363d2449c1cb2dde6486a245521979509d53b87a09f3e79662b/websockets-17.0.1-cp314-cp314-manylinux2014_aarch64.manylinux_2_17_aarch64.manylinux_2_28_aarch64.whl", hash = "sha256:6fd88365da261c53d3e943fb37e0d0721b9cde119f6b2e3fc84369b6ab234d63", size = 221525, upload-time = "2026-07-31T11:30:28.872Z" },
    { url = "https://files.pythonhosted.org/packages/9b/b5/f46931269b3ff3bde65d27c65ddb22f9bb8ce92ac2c6c4df0910128f6219/websockets-17.0.1-cp314-cp314-manylinux2014_armv7l.manylinux_2_17_armv7l.manylinux_2_31_armv7l.whl", hash = "sha256:ab9f962a5b64a5c3c845d556b7dc4e6fb683f7b67179f8205e814bb2e0213ffe", size = 222897, upload-time = "2026-07-31T11:30:30.164Z" },
    { url = "https://files.pythonhosted.org/packages/42/f4/deccf3439f35df953ec35e13fe07986821c5f1ab5785d69614283bdb9034/websockets-17.0.1-cp314-cp314-manylinux2014_ppc64le.manylinux_2_17_ppc64le.manylinux_2_28_ppc64le.whl", hash = "sha256:8c07f145d0b9e90cbd96035f31fb79199aef4da1872854e36ebeb258e3d57594", size = 222129, upload-time = "2026-07-31T11:30:31.489Z" },
    { url = "https://files.pythonhosted.org/packages/35/a5/e1b57a59da92ade37fd021567a17b518ea8267b28e5530075844cdb525fe/websockets-17.0.1-cp314-cp314-manylinux2014_s390x.manylinux_2_17_s390x.manylinux_2_28_s390x.whl", hash = "sha256:9f7747d3daa41a11f25f7cca5dc988fc51da97b311bed4c9d843860f79779283", size = 220875, upload-time = "2026-07-31T11:30:32.805Z" },
    { url = "https://files.pythonhosted.org/packages/f0/30/e7d0889c790a854156de424575fd67af79ddbaed9ff3157ae863dfd1c1dc/websockets-17.0.1-cp314-cp314-manylinux_2_31_riscv64.manylinux_2_39_riscv64.whl", hash = "sha256:2abb1ba0a5133b7d2ef3c1c9f4b0c1e8a101012dce0b594ab2b2888d9a64820e", size = 218160, upload-time = "2026-07-31T11:30:34.512Z" },
    { url = "https://files.pythonhosted.org/packages/09/2e/43db785d6ed9ae7594fae7b62bbc9cb4dfee2b015e06a1005f1e5ce283b6/websockets-17.0.1-cp314-cp314-musllinux_1_2_aarch64.whl", hash = "sha256:f3fd9a1f87f8f0f3f8e9f9bd0195f7516562d13f5b178db8c5784d1f60b60bed", size = 220951, upload-time = "2026-07-31T11:30:35.806Z" },
    { url = "https://files.pythonhosted.org/packages/eb/f5/4ac3cab3d5e8a830657a822f64a8910e3803229c6783e59c3fd9a3487427/websockets-17.0.1-cp314-cp314-musllinux_1_2_armv7l.whl", hash = "sha256:2bc14b481e05e331811108daa1aeb41a5e237a5564ef2f02ec5a356a0f102f78", size = 219460, upload-time = "2026-07-31T11:30:37.273Z" },
    { url = "https://files.pythonhosted.org/packages/03/0e/c3a4020673ffc17c82cf1a467835038a196a555d3b4f2a50f0f063cf8ccc/websockets-17.0.1-cp314-cp314-musllinux_1_2_i686.whl", hash = "sha256:57d2ee9b24b404ce75f3814f92073c0ed88106c950148d2427fe8d25ca254d1f", size = 220248, upload-time = "2026-07-31T11:30:38.527Z" },
    { url = "https://files.pythonhosted.org/packages/7d/87/e47a6a278cc1dfade38444c893ce18322943c25d4b780a74450d9d164be1/websockets-17.0.1-cp314-cp314-musllinux_1_2_ppc64le.whl", hash = "sha256:1b363bfd72a52c0658a3154a4cff219f15a474b35a235057d38853bf151acce7", size = 221421, upload-time = "2026-07-31T11:30:39.879Z" },
    { url = "https://files.pythonhosted.org/packages/da/8f/473d5fc4e3836e375b0233c6ef26777e6e5e3f7bfc84ccd524eae4090ed5/websockets-17.0.1-cp314-cp314-musllinux_1_2_riscv64.whl", hash = "sha256:10b1587c599fa0f2c89154587c80e0fda98ade6c9fa8c0260a2823fb1800b685", size = 218975, upload-time = "2026-07-31T11:30:41.192Z" },
    { url = "https://files.pythonhosted.org/packages/d4/b9/819ec2dcdf69031d7e9cab11247f3a6ff9bbc8c7c53ada1dbcb9055b227b/websockets-17.0.1-cp314-cp314-musllinux_1_2_s390x.whl", hash = "sha256:d7d72843691f50b91127c50688df10cb72ec6f4c4b1d7e2c11ab33b16acf8e51", size = 219925, upload-time = "2026-07-31T11:30:42.524Z" },
    { url = "https://files.pythonhosted.org/packages/85/b9/6c0da301f6118502e079cf92f4e864adf28e56b3f8c0f6085076ced7b876/websockets-17.0.1-cp314-cp314-musllinux_1_2_x86_64.whl", hash = "sha256:90973a3a00f23afdfd1c9b06fb84289bf0220f247ef8a62501a1967c7af54f7b", size = 220218, upload-time = "2026-07-31T11:30:44.04Z" },
    { url = "https://files.pythonhosted.org/packages/55/f9/cba32dc9dd856565263d6272f594255bd0e2781deb8cd982c026a54760ad/websockets-17.0.1-cp314-cp314-win32.whl", hash = "sha256:599b03beb77633bffc095334338fad79cafc2b01fbd58953838130a9ae967d7b", size = 212626, upload-time = "2026-07-31T11:30:45.579Z" },
    { url = "https://files.pythonhosted.org/packages/fa/95/91cdd8c192287d7ea741f37cf7d64fdc1a14410f06f73805e428a1a590af/websockets-17.0.1-cp314-cp314-win_amd64.whl", hash = "sha256:81ce19c6046ace11da7001781be7317bb1dc389f399af4b2ed962190f76f9add", size = 212969, upload-time = "2026-07-31T11:30:46.983Z" },
    { url = "https://files.pythonhosted.org/packages/8e/fd/8c98a1e431960661c5769ab1a4dd66494e87ab02d791cc79e51e0d9a289f/websockets-17.0.1-cp314-cp314-win_arm64.whl", hash = "sha256:efe0ae052a8d023b87198921e8a7ce1dc7768816bcd2fbc20df171ac73a04891", size = 212850, upload-time = "2026-07-31T11:30:48.304Z" },
    { url = "https://files.pythonhosted.org/packages/13/c1/142f5186ee7dc3beee0426b998a79e223e067b7689afcaa95890d64aa800/websockets-17.0.1-cp314-cp314t-macosx_10_15_universal2.whl", hash = "sha256:ab56439c9f74c52770690c7b2f616b3bf775cb3920453ee355ac765c032d8bbf", size = 212967, upload-time = "2026-07-31T11:30:49.688Z" },
    { url = "https://files.pythonhosted.org/packages/02/de/4b03ed316c9dee180365286c298219809ff247be39beeaaf9958b21167ab/websockets-17.0.1-cp314-cp314t-macosx_10_15_x86_64.whl", hash = "sha256:20a92f78ac8250984ed459faa9ca48c285adbfc0038ddc3fdac6046990a9c9ed", size = 210504, upload-time = "2026-07-31T11:30:50.987Z" },
    { url = "https://files.pythonhosted.org/packages/cd/d8/ad2b3e8f867e1e8cac3077e2f33ffb60b71bd763d6cfc71bd916f113c3bf/websockets-17.0.1-cp314-cp314t-macosx_11_0_arm64.whl", hash = "sha256:6a434e59962a4fb9016bea327e1d14d6cd67670ecfb8942b4f4a0c24036634ce", size = 210702, upload-time = "2026-07-31T11:30:52.261Z" },
    { url = "https://files.pythonhosted.org/packages/48/18/7a77a82ce9d6f831c07b176da3942f7e71acd0f115f3ecdb1d00a040eb01/websockets-17.0.1-cp314-cp314t-manylinux1_i686.manylinux_2_28_i686.manylinux_2_5_i686.whl", hash = "sha256:2503c7e2a5049a12d5dac917a46d5d52591283a766165b8176bb167560421b38", size = 220290, upload-time = "2026-07-31T11:30:53.582Z" },
    { url = "https://files.pythonhosted.org/packages/f5/af/43c3e3c3ea7ba4693c2181743f3221957df28bededadcbd9fc8a0661bde0/websockets-17.0.1-cp314-cp314t-manylinux1_x86_64.manylinux_2_28_x86_64.manylinux_2_5_x86_64.whl", hash = "sha256:28012a54510fe8301bb893ef143cec30a2780a2d3bc20b7bbdf4379d7a63945d", size = 220573, upload-time = "2026-07-31T11:30:54.966Z" },
    { url = "https://files.pythonhosted.org/packages/1f/bd/ed48eca15725743ee7e2dc172e15c61de29e85ec98dace7b14257f366836/websockets-17.0.1-cp314-cp314t-manylinux2014_aarch64.manylinux_2_17_aarch64.manylinux_2_28_aarch64.whl", hash = "sha256:22bd00f8bae2bccdb5dbe41e20f58ba44ca9fff0b4b561aaf39099c35da762ed", size = 221747, upload-time = "2026-07-31T11:30:56.762Z" },
    { url = "https://files.pythonhosted.org/packages/99/50/838deb7937a8225c4925dd4a977eafea473fabf444178a99de0bc7e92bb0/websockets-17.0.1-cp314-cp314t-manylinux2014_armv7l.manylinux_2_17_armv7l.manylinux_2_31_armv7l.whl", hash = "sha256:e98ec9ec61cce5bc4b8b218322ad090b0994eb060bb04da704c62ef0a3d864e6", size = 223891, upload-time = "2026-07-31T11:30:58.127Z" },
    { url = "https://files.pythonhosted.org/packages/f8/e9/657fb70c6eb6bcd01adfa5d2b06496e9911e1c1a8813d353b8c00f7591cd/websockets-17.0.1-cp314-cp314t-manylinux2014_ppc64le.manylinux_2_17_ppc64le.manylinux_2_28_ppc64le.whl", hash = "sha256:8e387adb0c692c6b5571bdeafc8ac9d1901ea30f10309134780b16ecd35e6605", size = 222317, upload-time = "2026-07-31T11:30:59.416Z" },
    { url = "https://files.pythonhosted.org/packages/07/4c/82cb722afa5428fed981331210c4c07600570db01bb1620579f655b5adaf/websockets-17.0.1-cp314-cp314t-manylinux2014_s390x.manylinux_2_17_s390x.manylinux_2_28_s390x.whl", hash = "sha256:bd1470d2c53fe53269bf5619da7725d30dd9b9693f1689f7a85eab8dea734442", size = 221047, upload-time = "2026-07-31T11:31:00.757Z" },
    { url = "https://files.pythonhosted.org/packages/90/84/bd6d67d6bc65f0de0cb50de55dab42f256a9876a351c4736522eb168fda0/websockets-17.0.1-cp314-cp314t-manylinux_2_31_riscv64.manylinux_2_39_riscv64.whl", hash = "sha256:884af729b8ab50486acd94d9768c2b60914bf39b579ebba0a5cb73bfdfd61fd2", size = 218626, upload-time = "2026-07-31T11:31:02.48Z" },
    { url = "https://files.pythonhosted.org/packages/96/cb/6a372c8553976f0d8f97f5115826ed47e34b3be6b8bf0d0249af249a7416/websockets-17.0.1-cp314-cp314t-musllinux_1_2_aarch64.whl", hash = "sha256:a60fa1a25cca1bcc2bf87b8d6be37a741f0a3239fb5e9cfb7a37173b68ffcf87", size = 221299, upload-time = "2026-07-31T11:31:03.795Z" },
    { url = "https://files.pythonhosted.org/packages/bc/31/f966e8472337974f74d788b3ef6c6f3b8b9a5f201efd16a843c91d269fa5/websockets-17.0.1-cp314-cp314t-musllinux_1_2_armv7l.whl", hash = "sha256:e8208f2729cba030ff872a92064c97584eeb9502f53d32a05a0f05d5a17ca6c6", size = 219789, upload-time = "2026-07-31T11:31:05.08Z" },
    { url = "https://files.pythonhosted.org/packages/57/34/404e83a6cc7b0efcac810b7041bffd72ff76900e6fd0aa45a26c92fb2ffe/websockets-17.0.1-cp314-cp314t-musllinux_1_2_i686.whl", hash = "sha256:54cdcaa56f5d3eafd57058f0fa4a3de93a310b43a3c4699f06efc4c0bd054a5a", size = 220678, upload-time = "2026-07-31T11:31:06.635Z" },
    { url = "https://files.pythonhosted.org/packages/e5/70/8946188c2a68d67251859b589a3634918cf7867bf0b891347a5ecaa43d30/websockets-17.0.1-cp314-cp314t-musllinux_1_2_ppc64le.whl", hash = "sha256:4d41c0a1d47a478bc432b3b9068097bee1ce0c5b19327ea6f75c2ab34ab1f2fb", size = 221697, upload-time = "2026-07-31T11:31:08.023Z" },
    { url = "https://files.pythonhosted.org/packages/04/16/ee73fc2083a2938ac6209f4ec804960496835b20a0068dbcfe8424957c04/websockets-17.0.1-cp314-cp314t-musllinux_1_2_riscv64.whl", hash = "sha256:f991247276797d0c61ab7770bc9791eadc16f683b4d83517f624932adc1a8bab", size = 219390, upload-time = "2026-07-31T11:31:09.378Z" },
    { url = "https://files.pythonhosted.org/packages/94/6a/d5f88033c69932af6cdaa72da62516ade47c257e3bf69f4c0ba5f40e12a2/websockets-17.0.1-cp314-cp314t-musllinux_1_2_s390x.whl", hash = "sha256:733e3cc7171fa1b899edbe725ef9382d0e960657dc1fd933f3281ae910c01dab", size = 220161, upload-time = "2026-07-31T11:31:10.915Z" },
    { url = "https://files.pythonhosted.org/packages/e1/2e/6183dd2c0370287ecf4afe0bb33aca364208e5e7b0e1a286adcaecc0c78b/websockets-17.0.1-cp314-cp314t-musllinux_1_2_x86_64.whl", hash = "sha256:810cb3fb5fa6e447216f4e82d9a85cb8aed0929ae3538153ddfe8a6e3121a58d", size = 220591, upload-time = "2026-07-31T11:31:12.289Z" },
    { url = "https://files.pythonhosted.org/packages/26/93/70f6516d85b9744f7eac224c4b1b9ef4e84133f80b53be02080cb1c3e663/websockets-17.0.1-cp314-cp314t-win32.whl", hash = "sha256:17ac37716c0244e82c9e384c41653c090b1864c6610224ca3857e7f7b58fce10", size = 212755, upload-time = "2026-07-31T11:31:13.883Z" },
    { url = "https://files.pythonhosted.org/packages/f1/2c/9d9c1da5a7ea9af307b386d25f64d1dead4729644198d2b92e36db5dfd41/websockets-17.0.1-cp314-cp314t-win_amd64.whl", hash = "sha256:bb31f42ea095ea826463c770829aa188a86c9a5c976b1467cbbf583c811de833", size = 213094, upload-time = "2026-07-31T11:31:15.367Z" },
    { url = "https://files.pythonhosted.org/packages/5b/24/a585e7573e128070605d003b5544729bcd58d9756c7e99d550818ca4b916/websockets-17.0.1-cp314-cp314t-win_arm64.whl", hash = "sha256:dbfae8e75b342e31fc6fd1a8bbb393b7cbb91d6cfd581650300a94381e7b7e2b", size = 213009, upload-time = "2026-07-31T11:31:16.776Z" },
    { url = "https://files.pythonhosted.org/packages/09/ce/3929538b2b9918f5eee623fbf3346893973191f6df93f19bbda097bd7bb7/websockets-17.0.1-py3-none-any.whl", hash = "sha256:c6be9cba65c65cc76dfa3d4619e359ff02a4476c74e179b215236c11a0b32345", size = 206718, upload-time = "2026-07-31T11:31:26.037Z" },
]
