version = 1
revision = 2
requires-python = ">=3.13"

[[package]]
name = "anyio"
version = "4.10.0"
source = { registry = "https://pypi.org/simple" }
dependencies = [
    { name = "idna" },
    { name = "sniffio" },
]
sdist = { url = "https://files.pythonhosted.org/packages/f1/b4/636b3b65173d3ce9a38ef5f0522789614e590dab6a8d505340a4efe4c567/anyio-4.10.0.tar.gz", hash = "sha256:3f3fae35c96039744587aa5b8371e7e8e603c0702999535961dd336026973ba6", size = 213252, upload-time = "2025-08-04T08:54:26.451Z" }
wheels = [
    { url = "https://files.pythonhosted.org/packages/6f/12/e5e0282d673bb9746bacfb6e2dba8719989d3660cdb2ea79aee9a9651afb/anyio-4.10.0-py3-none-any.whl", hash = "sha256:60e474ac86736bbfd6f210f7a61218939c318f43f9972497381f1c5e930ed3d1", size = 107213, upload-time = "2025-08-04T08:54:24.882Z" },
]

[[package]]
name = "certifi"
version = "2025.8.3"
source = { registry = "https://pypi.org/simple" }
sdist = { url = "https://files.pythonhosted.org/packages/dc/67/960ebe6bf230a96cda2e0abcf73af550ec4f090005363542f0765df162e0/certifi-2025.8.3.tar.gz", hash = "sha256:e564105f78ded564e3ae7c923924435e1daa7463faeab5bb932bc53ffae63407", size = 162386, upload-time = "2025-08-03T03:07:47.08Z" }
wheels = [
    { url = "https://files.pythonhosted.org/packages/e5/48/1549795ba7742c948d2ad169c1c8cdbae65bc450d6cd753d124b17c8cd32/certifi-2025.8.3-py3-none-any.whl", hash = "sha256:f6c12493cfb1b06ba2ff328595af9350c65d6644968e5d3a2ffd78699af217a5", size = 161216, upload-time = "2025-08-03T03:07:45.777Z" },
]

[[package]]
name = "colorama"
version = "0.4.6"
source = { registry = "https://pypi.org/simple" }
sdist = { url = "https://files.pythonhosted.org/packages/d8/53/6f443c9a4a8358a93a6792e2acffb9d9d5cb0a5cfd8802644b7b1c9a02e4/colorama-0.4.6.tar.gz", hash = "sha256:08695f5cb7ed6e0531a20572697297273c47b8cae5a63ffc6d6ed5c201be6e44", size = 27697, upload-time = "2022-10-25T02:36:22.414Z" }
wheels = [
    { url = "https://files.pythonhosted.org/packages/d1/d6/3965ed04c63042e047cb6a3e6ed1a63a35087b6a609aa3a15ed8ac56c221/colorama-0.4.6-py2.py3-none-any.whl", hash = "sha256:4f1d9991f5acc0ca119f9d443620b77f9d6b33703e51011c16baf57afb285fc6", size = 25335, upload-time = "2022-10-25T02:36:20.889Z" },
]

[[package]]
name = "h11"
version = "0.16.0"
source = { registry = "https://pypi.org/simple" }
sdist = { url = "https://files.pythonhosted.org/packages/01/ee/02a2c011bdab74c6fb3c75474d40b3052059d95df7e73351460c8588d963/h11-0.16.0.tar.gz", hash = "sha256:4e35b956cf45792e4caa5885e69fba00bdbc6ffafbfa020300e549b208ee5ff1", size = 101250, upload-time = "2025-04-24T03:35:25.427Z" }
wheels = [
    { url = "https://files.pythonhosted.org/packages/04/4b/29cac41a4d98d144bf5f6d33995617b185d14b22401f75ca86f384e87ff1/h11-0.16.0-py3-none-any.whl", hash = "sha256:63cf8bbe7522de3bf65932fda1d9c2772064ffb3dae62d55932da54b31cb6c86", size = 37515, upload-time = "2025-04-24T03:35:24.344Z" },
]

[[package]]
name = "httpcore"
version = "1.0.9"
source = { registry = "https://pypi.org/simple" }
dependencies = [
    { name = "certifi" },
    { name = "h11" },
]
sdist = { url = "https://files.pythonhosted.org/packages/06/94/82699a10bca87a5556c9c59b5963f2d039dbd239f25bc2a63907a05a14cb/httpcore-1.0.9.tar.gz", hash = "sha256:6e34463af53fd2ab5d807f399a9b45ea31c3dfa2276f15a2c3f00afff6e176e8", size = 85484, upload-time = "2025-04-24T22:06:22.219Z" }
wheels = [
    { url = "https://files.pythonhosted.org/packages/7e/f5/f66802a942d491edb555dd61e3a9961140fd64c90bce1eafd741609d334d/httpcore-1.0.9-py3-none-any.whl", hash = "sha256:2d400746a40668fc9dec9810239072b40b4484b640a8c38fd654a024c7a1bf55", size = 78784, upload-time = "2025-04-24T22:06:20.566Z" },
]

[[package]]
name = "httpx"
version = "0.28.1"
source = { registry = "https://pypi.org/simple" }
dependencies = [
    { name = "anyio" },
    { name = "certifi" },
    { name = "httpcore" },
    { name = "idna" },
]
sdist = { url = "https://files.pythonhosted.org/packages/b1/df/48c586a5fe32a0f01324ee087459e112ebb7224f646c0b5023f5e79e9956/httpx-0.28.1.tar.gz", hash = "sha256:75e98c5f16b0f35b567856f597f06ff2270a374470a5c2392242528e3e3e42fc", size = 141406, upload-time = "2024-12-06T15:37:23.222Z" }
wheels = [
    { url = "https://files.pythonhosted.org/packages/2a/39/e50c7c3a983047577ee07d2a9e53faf5a69493943ec3f6a384bdc792deb2/httpx-0.28.1-py3-none-any.whl", hash = "sha256:d909fcccc110f8c7faf814ca82a9a4d816bc5a6dbfea25d6591d6985b8ba59ad", size = 73517, upload-time = "2024-12-06T15:37:21.509Z" },
]

[[package]]
name = "idna"
version = "3.10"
source = { registry = "https://pypi.org/simple" }
sdist = { url = "https://files.pythonhosted.org/packages/f1/70/7703c29685631f5a7590aa73f1f1d3fa9a380e654b86af429e0934a32f7d/idna-3.10.tar.gz", hash = "sha256:12f65c9b470abda6dc35cf8e63cc574b1c52b11df2c86030af0ac09b01b13ea9", size = 190490, upload-time = "2024-09-15T18:07:39.745Z" }
wheels = [
    { url = "https://files.pythonhosted.org/packages/76/c6/c88e154df9c4e1a2a66ccf0005a88dfb2650c1dffb6f5ce603dfbd452ce3/idna-3.10-py3-none-any.whl", hash = "sha256:946d195a0d259cbba61165e88e65941f16e9b36ea6ddb97f00452bae8b1287d3", size = 70442, upload-time = "2024-09-15T18:07:37.964Z" },
]

[[package]]
name = "iniconfig"
version = "2.1.0"
source = { registry = "https://pypi.org/simple" }
sdist = { url = "https://files.pythonhosted.org/packages/f2/97/ebf4da567aa6827c909642694d71c9fcf53e5b504f2d96afea02718862f3/iniconfig-2.1.0.tar.gz", hash = "sha256:3abbd2e30b36733fee78f9c7f7308f2d0050e88f0087fd25c2645f63c773e1c7", size = 4793, upload-time = "2025-03-19T20:09:59.721Z" }
wheels = [
    { url = "https://files.pythonhosted.org/packages/2c/e1/e6716421ea10d38022b952c159d5161ca1193197fb744506875fbb87ea7b/iniconfig-2.1.0-py3-none-any.whl", hash = "sha256:9deba5723312380e77435581c6bf4935c94cbfab9b1ed33ef8d238ea168eb760", size = 6050, upload-time = "2025-03-19T20:10:01.071Z" },
]

[[package]]
name = "momo-e2e-test"
version = "0.0.0"
source = { virtual = "." }

[package.dev-dependencies]
dev = [
    { name = "httpx" },
    { name = "pyjwt" },
    { name = "pytest" },
    { name = "python-dotenv" },
    { name = "ruff" },
    { name = "ty" },
]

[package.metadata]

[package.metadata.requires-dev]
dev = [
    { name = "httpx" },
    { name = "pyjwt" },
    { name = "pytest" },
    { name = "python-dotenv" },
    { name = "ruff" },
    { name = "ty" },
]

[[package]]
name = "packaging"
version = "25.0"
source = { registry = "https://pypi.org/simple" }
sdist = { url = "https://files.pythonhosted.org/packages/a1/d4/1fc4078c65507b51b96ca8f8c3ba19e6a61c8253c72794544580a7b6c24d/packaging-25.0.tar.gz", hash = "sha256:d443872c98d677bf60f6a1f2f8c1cb748e8fe762d2bf9d3148b5599295b0fc4f", size = 165727, upload-time = "2025-04-19T11:48:59.673Z" }
wheels = [
    { url = "https://files.pythonhosted.org/packages/20/12/38679034af332785aac8774540895e234f4d07f7545804097de4b666afd8/packaging-25.0-py3-none-any.whl", hash = "sha256:29572ef2b1f17581046b3a2227d5c611fb25ec70ca1ba8554b24b0e69331a484", size = 66469, upload-time = "2025-04-19T11:48:57.875Z" },
]

[[package]]
name = "pluggy"
version = "1.6.0"
source = { registry = "https://pypi.org/simple" }
sdist = { url = "https://files.pythonhosted.org/packages/f9/e2/3e91f31a7d2b083fe6ef3fa267035b518369d9511ffab804f839851d2779/pluggy-1.6.0.tar.gz", hash = "sha256:7dcc130b76258d33b90f61b658791dede3486c3e6bfb003ee5c9bfb396dd22f3", size = 69412, upload-time = "2025-05-15T12:30:07.975Z" }
wheels = [
    { url = "https://files.pythonhosted.org/packages/54/20/4d324d65cc6d9205fabedc306948156824eb9f0ee1633355a8f7ec5c66bf/pluggy-1.6.0-py3-none-any.whl", hash = "sha256:e920276dd6813095e9377c0bc5566d94c932c33b27a3e3945d8389c374dd4746", size = 20538, upload-time = "2025-05-15T12:30:06.134Z" },
]

[[package]]
name = "pygments"
version = "2.19.2"
source = { registry = "https://pypi.org/simple" }
sdist = { url = "https://files.pythonhosted.org/packages/b0/77/a5b8c569bf593b0140bde72ea885a803b82086995367bf2037de0159d924/pygments-2.19.2.tar.gz", hash = "sha256:636cb2477cec7f8952536970bc533bc43743542f70392ae026374600add5b887", size = 4968631, upload-time = "2025-06-21T13:39:12.283Z" }
wheels = [
    { url = "https://files.pythonhosted.org/packages/c7/21/705964c7812476f378728bdf590ca4b771ec72385c533964653c68e86bdc/pygments-2.19.2-py3-none-any.whl", hash = "sha256:86540386c03d588bb81d44bc3928634ff26449851e99741617ecb9037ee5ec0b", size = 1225217, upload-time = "2025-06-21T13:39:07.939Z" },
]

[[package]]
name = "pyjwt"
version = "2.10.1"
source = { registry = "https://pypi.org/simple" }
sdist = { url = "https://files.pythonhosted.org/packages/e7/46/bd74733ff231675599650d3e47f361794b22ef3e3770998dda30d3b63726/pyjwt-2.10.1.tar.gz", hash = "sha256:3cc5772eb20009233caf06e9d8a0577824723b44e6648ee0a2aedb6cf9381953", size = 87785, upload-time = "2024-11-28T03:43:29.933Z" }
wheels = [
    { url = "https://files.pythonhosted.org/packages/61/ad/689f02752eeec26aed679477e80e632ef1b682313be70793d798c1d5fc8f/PyJWT-2.10.1-py3-none-any.whl", hash = "sha256:dcdd193e30abefd5debf142f9adfcdd2b58004e644f25406ffaebd50bd98dacb", size = 22997, upload-time = "2024-11-28T03:43:27.893Z" },
]

[[package]]
name = "pytest"
version = "8.4.1"
source = { registry = "https://pypi.org/simple" }
dependencies = [
    { name = "colorama", marker = "sys_platform == 'win32'" },
    { name = "iniconfig" },
    { name = "packaging" },
    { name = "pluggy" },
    { name = "pygments" },
]
sdist = { url = "https://files.pythonhosted.org/packages/08/ba/45911d754e8eba3d5a841a5ce61a65a685ff1798421ac054f85aa8747dfb/pytest-8.4.1.tar.gz", hash = "sha256:7c67fd69174877359ed9371ec3af8a3d2b04741818c51e5e99cc1742251fa93c", size = 1517714, upload-time = "2025-06-18T05:48:06.109Z" }
wheels = [
    { url = "https://files.pythonhosted.org/packages/29/16/c8a903f4c4dffe7a12843191437d7cd8e32751d5de349d45d3fe69544e87/pytest-8.4.1-py3-none-any.whl", hash = "sha256:539c70ba6fcead8e78eebbf1115e8b589e7565830d7d006a8723f19ac8a0afb7", size = 365474, upload-time = "2025-06-18T05:48:03.955Z" },
]

[[package]]
name = "python-dotenv"
version = "1.1.1"
source = { registry = "https://pypi.org/simple" }
sdist = { url = "https://files.pythonhosted.org/packages/f6/b0/4bc07ccd3572a2f9df7e6782f52b0c6c90dcbb803ac4a167702d7d0dfe1e/python_dotenv-1.1.1.tar.gz", hash = "sha256:a8a6399716257f45be6a007360200409fce5cda2661e3dec71d23dc15f6189ab", size = 41978, upload-time = "2025-06-24T04:21:07.341Z" }
wheels = [
    { url = "https://files.pythonhosted.org/packages/5f/ed/539768cf28c661b5b068d66d96a2f155c4971a5d55684a514c1a0e0dec2f/python_dotenv-1.1.1-py3-none-any.whl", hash = "sha256:31f23644fe2602f88ff55e1f5c79ba497e01224ee7737937930c448e4d0e24dc", size = 20556, upload-time = "2025-06-24T04:21:06.073Z" },
]

[[package]]
name = "ruff"
version = "0.12.8"
source = { registry = "https://pypi.org/simple" }
sdist = { url = "https://files.pythonhosted.org/packages/4b/da/5bd7565be729e86e1442dad2c9a364ceeff82227c2dece7c29697a9795eb/ruff-0.12.8.tar.gz", hash = "sha256:4cb3a45525176e1009b2b64126acf5f9444ea59066262791febf55e40493a033", size = 5242373, upload-time = "2025-08-07T19:05:47.268Z" }
wheels = [
    { url = "https://files.pythonhosted.org/packages/c9/1e/c843bfa8ad1114fab3eb2b78235dda76acd66384c663a4e0415ecc13aa1e/ruff-0.12.8-py3-none-linux_armv6l.whl", hash = "sha256:63cb5a5e933fc913e5823a0dfdc3c99add73f52d139d6cd5cc8639d0e0465513", size = 11675315, upload-time = "2025-08-07T19:05:06.15Z" },
    { url = "https://files.pythonhosted.org/packages/24/ee/af6e5c2a8ca3a81676d5480a1025494fd104b8896266502bb4de2a0e8388/ruff-0.12.8-py3-none-macosx_10_12_x86_64.whl", hash = "sha256:9a9bbe28f9f551accf84a24c366c1aa8774d6748438b47174f8e8565ab9dedbc", size = 12456653, upload-time = "2025-08-07T19:05:09.759Z" },
    { url = "https://files.pythonhosted.org/packages/99/9d/e91f84dfe3866fa648c10512904991ecc326fd0b66578b324ee6ecb8f725/ruff-0.12.8-py3-none-macosx_11_0_arm64.whl", hash = "sha256:2fae54e752a3150f7ee0e09bce2e133caf10ce9d971510a9b925392dc98d2fec", size = 11659690, upload-time = "2025-08-07T19:05:12.551Z" },
    { url = "https://files.pythonhosted.org/packages/fe/ac/a363d25ec53040408ebdd4efcee929d48547665858ede0505d1d8041b2e5/ruff-0.12.8-py3-none-manylinux_2_17_aarch64.manylinux2014_aarch64.whl", hash = "sha256:c0acbcf01206df963d9331b5838fb31f3b44fa979ee7fa368b9b9057d89f4a53", size = 11896923, upload-time = "2025-08-07T19:05:14.821Z" },
    { url = "https://files.pythonhosted.org/packages/58/9f/ea356cd87c395f6ade9bb81365bd909ff60860975ca1bc39f0e59de3da37/ruff-0.12.8-py3-none-manylinux_2_17_armv7l.manylinux2014_armv7l.whl", hash = "sha256:ae3e7504666ad4c62f9ac8eedb52a93f9ebdeb34742b8b71cd3cccd24912719f", size = 11477612, upload-time = "2025-08-07T19:05:16.712Z" },
    { url = "https://files.pythonhosted.org/packages/1a/46/92e8fa3c9dcfd49175225c09053916cb97bb7204f9f899c2f2baca69e450/ruff-0.12.8-py3-none-manylinux_2_17_i686.manylinux2014_i686.whl", hash = "sha256:cb82efb5d35d07497813a1c5647867390a7d83304562607f3579602fa3d7d46f", size = 13182745, upload-time = "2025-08-07T19:05:18.709Z" },
    { url = "https://files.pythonhosted.org/packages/5e/c4/f2176a310f26e6160deaf661ef60db6c3bb62b7a35e57ae28f27a09a7d63/ruff-0.12.8-py3-none-manylinux_2_17_ppc64.manylinux2014_ppc64.whl", hash = "sha256:dbea798fc0065ad0b84a2947b0aff4233f0cb30f226f00a2c5850ca4393de609", size = 14206885, upload-time = "2025-08-07T19:05:21.025Z" },
    { url = "https://files.pythonhosted.org/packages/87/9d/98e162f3eeeb6689acbedbae5050b4b3220754554526c50c292b611d3a63/ruff-0.12.8-py3-none-manylinux_2_17_ppc64le.manylinux2014_ppc64le.whl", hash = "sha256:49ebcaccc2bdad86fd51b7864e3d808aad404aab8df33d469b6e65584656263a", size = 13639381, upload-time = "2025-08-07T19:05:23.423Z" },
    { url = "https://files.pythonhosted.org/packages/81/4e/1b7478b072fcde5161b48f64774d6edd59d6d198e4ba8918d9f4702b8043/ruff-0.12.8-py3-none-manylinux_2_17_s390x.manylinux2014_s390x.whl", hash = "sha256:0ac9c570634b98c71c88cb17badd90f13fc076a472ba6ef1d113d8ed3df109fb", size = 12613271, upload-time = "2025-08-07T19:05:25.507Z" },
    { url = "https://files.pythonhosted.org/packages/e8/67/0c3c9179a3ad19791ef1b8f7138aa27d4578c78700551c60d9260b2c660d/ruff-0.12.8-py3-none-manylinux_2_17_x86_64.manylinux2014_x86_64.whl", hash = "sha256:560e0cd641e45591a3e42cb50ef61ce07162b9c233786663fdce2d8557d99818", size = 12847783, upload-time = "2025-08-07T19:05:28.14Z" },
    { url = "https://files.pythonhosted.org/packages/4e/2a/0b6ac3dd045acf8aa229b12c9c17bb35508191b71a14904baf99573a21bd/ruff-0.12.8-py3-none-musllinux_1_2_aarch64.whl", hash = "sha256:71c83121512e7743fba5a8848c261dcc454cafb3ef2934a43f1b7a4eb5a447ea", size = 11702672, upload-time = "2025-08-07T19:05:30.413Z" },
    { url = "https://files.pythonhosted.org/packages/9d/ee/f9fdc9f341b0430110de8b39a6ee5fa68c5706dc7c0aa940817947d6937e/ruff-0.12.8-py3-none-musllinux_1_2_armv7l.whl", hash = "sha256:de4429ef2ba091ecddedd300f4c3f24bca875d3d8b23340728c3cb0da81072c3", size = 11440626, upload-time = "2025-08-07T19:05:32.492Z" },
    { url = "https://files.pythonhosted.org/packages/89/fb/b3aa2d482d05f44e4d197d1de5e3863feb13067b22c571b9561085c999dc/ruff-0.12.8-py3-none-musllinux_1_2_i686.whl", hash = "sha256:a2cab5f60d5b65b50fba39a8950c8746df1627d54ba1197f970763917184b161", size = 12462162, upload-time = "2025-08-07T19:05:34.449Z" },
    { url = "https://files.pythonhosted.org/packages/18/9f/5c5d93e1d00d854d5013c96e1a92c33b703a0332707a7cdbd0a4880a84fb/ruff-0.12.8-py3-none-musllinux_1_2_x86_64.whl", hash = "sha256:45c32487e14f60b88aad6be9fd5da5093dbefb0e3e1224131cb1d441d7cb7d46", size = 12913212, upload-time = "2025-08-07T19:05:36.541Z" },
    { url = "https://files.pythonhosted.org/packages/71/13/ab9120add1c0e4604c71bfc2e4ef7d63bebece0cfe617013da289539cef8/ruff-0.12.8-py3-none-win32.whl", hash = "sha256:daf3475060a617fd5bc80638aeaf2f5937f10af3ec44464e280a9d2218e720d3", size = 11694382, upload-time = "2025-08-07T19:05:38.468Z" },
    { url = "https://files.pythonhosted.org/packages/f6/dc/a2873b7c5001c62f46266685863bee2888caf469d1edac84bf3242074be2/ruff-0.12.8-py3-none-win_amd64.whl", hash = "sha256:7209531f1a1fcfbe8e46bcd7ab30e2f43604d8ba1c49029bb420b103d0b5f76e", size = 12740482, upload-time = "2025-08-07T19:05:40.391Z" },
    { url = "https://files.pythonhosted.org/packages/cb/5c/799a1efb8b5abab56e8a9f2a0b72d12bd64bb55815e9476c7d0a2887d2f7/ruff-0.12.8-py3-none-win_arm64.whl", hash = "sha256:c90e1a334683ce41b0e7a04f41790c429bf5073b62c1ae701c9dc5b3d14f0749", size = 11884718, upload-time = "2025-08-07T19:05:42.866Z" },
]

[[package]]
name = "sniffio"
version = "1.3.1"
source = { registry = "https://pypi.org/simple" }
sdist = { url = "https://files.pythonhosted.org/packages/a2/87/a6771e1546d97e7e041b6ae58d80074f81b7d5121207425c964ddf5cfdbd/sniffio-1.3.1.tar.gz", hash = "sha256:f4324edc670a0f49750a81b895f35c3adb843cca46f0530f79fc1babb23789dc", size = 20372, upload-time = "2024-02-25T23:20:04.057Z" }
wheels = [
    { url = "https://files.pythonhosted.org/packages/e9/44/75a9c9421471a6c4805dbf2356f7c181a29c1879239abab1ea2cc8f38b40/sniffio-1.3.1-py3-none-any.whl", hash = "sha256:2f6da418d1f1e0fddd844478f41680e794e6051915791a034ff65e5f100525a2", size = 10235, upload-time = "2024-02-25T23:20:01.196Z" },
]

[[package]]
name = "ty"
version = "0.0.1a17"
source = { registry = "https://pypi.org/simple" }
sdist = { url = "https://files.pythonhosted.org/packages/9a/59/f29cf1adc5c5dd6e739e08138dfa2435d3210841c6b6aa4d5bee7203cabf/ty-0.0.1a17.tar.gz", hash = "sha256:8bd0c5722c630b46a136ffc8f273f47d46cf00d9df2b0c72f1bfd28d1908a7c2", size = 4037064, upload-time = "2025-08-06T12:13:55.862Z" }
wheels = [
    { url = "https://files.pythonhosted.org/packages/71/76/1275e4b02a74dbff40408c608dcccb758245173bd794618dadcb092e384f/ty-0.0.1a17-py3-none-linux_armv6l.whl", hash = "sha256:c16b109f05ab34f084b98b9da84c795a23780c9a2f44c237464e52efc5f97139", size = 7970950, upload-time = "2025-08-06T12:13:24.031Z" },
    { url = "https://files.pythonhosted.org/packages/df/15/10947e3a0993b02acb563fa958fb9334937615195dbe6efd17c889d1925d/ty-0.0.1a17-py3-none-macosx_10_12_x86_64.whl", hash = "sha256:59e2db756b2b727723ebee58c2e00f172e00a60083a49c8522a19e81887dbc71", size = 8117684, upload-time = "2025-08-06T12:13:26.035Z" },
    { url = "https://files.pythonhosted.org/packages/c0/73/1f982b361b0f161dad3181739f6dc010252e17d5eb8eea625d88f03deb23/ty-0.0.1a17-py3-none-macosx_11_0_arm64.whl", hash = "sha256:79b6d76d64f86414d482f08e09433bedd3e489a1973fa1226b457d4935b592a3", size = 7721774, upload-time = "2025-08-06T12:13:27.528Z" },
    { url = "https://files.pythonhosted.org/packages/d2/fc/a8837d4c1e395730157b16f379f4204035bb75e3fc815a1238c02bab2655/ty-0.0.1a17-py3-none-manylinux_2_17_aarch64.manylinux2014_aarch64.whl", hash = "sha256:bdbc144e7d7a5c8dc102715870bf211b51efe581e952a933a0fcba2df9d6ac8d", size = 7841709, upload-time = "2025-08-06T12:13:29.726Z" },
    { url = "https://files.pythonhosted.org/packages/c4/ae/1f69a9aa9f3092c7c1e3bf8e8d2d3db4a7a03108432fc02af24e313c8deb/ty-0.0.1a17-py3-none-manylinux_2_17_armv7l.manylinux2014_armv7l.whl", hash = "sha256:677388fbe5b9e75764dd8b520eff9c3273f9749ece5425eb34e6fa1359430e3b", size = 7811651, upload-time = "2025-08-06T12:13:31.448Z" },
    { url = "https://files.pythonhosted.org/packages/f9/d8/561283da06dd8f7da44543af9e4a7fde1716f1fe174dde073f78ea291b35/ty-0.0.1a17-py3-none-manylinux_2_17_i686.manylinux2014_i686.whl", hash = "sha256:cdaa4baee9f559ee5bb36b66ad0635e2e4308c6937e8e655a4d4ae1bcf736ad0", size = 8702850, upload-time = "2025-08-06T12:13:34.484Z" },
    { url = "https://files.pythonhosted.org/packages/8a/10/da263a67fea576027b65d78a7d2a55d9829aa22b17e0e10d4201b8d6bd8c/ty-0.0.1a17-py3-none-manylinux_2_17_ppc64.manylinux2014_ppc64.whl", hash = "sha256:a0637f80301e7a961b87df2e01db22e8f764cd46d371a73b9a968e1894c334ab", size = 9188621, upload-time = "2025-08-06T12:13:36.206Z" },
    { url = "https://files.pythonhosted.org/packages/ef/e3/e0d2c55df43ecf1bd5f11859fd9f8dd8536643ce1433aec6b8c8bf3b2865/ty-0.0.1a17-py3-none-manylinux_2_17_ppc64le.manylinux2014_ppc64le.whl", hash = "sha256:749622726587e758fbbb530d1ab293b7489476cd5502c3ac5da5d6b042bb6a1b", size = 8795061, upload-time = "2025-08-06T12:13:37.99Z" },
    { url = "https://files.pythonhosted.org/packages/2d/3c/ad62544ad7982cb4029f7901953ede9a27c7f6a3afef207fef6a4c6ebfce/ty-0.0.1a17-py3-none-manylinux_2_17_s390x.manylinux2014_s390x.whl", hash = "sha256:5f1cb91c4b79127193829ab2d1bda79a86ab782fcbdf2988b5a3af37a44a7ae2", size = 8643000, upload-time = "2025-08-06T12:13:40.075Z" },
    { url = "https://files.pythonhosted.org/packages/c5/cb/029bf9f24bb5c5c7c4b139d1f131b19530303fcdd8141607a8d065a87f74/ty-0.0.1a17-py3-none-manylinux_2_17_x86_64.manylinux2014_x86_64.whl", hash = "sha256:7310e783c54f4f9b2380e050b2e992ccbebcf7e73748689f1d8408199cc5a14e", size = 8432265, upload-time = "2025-08-06T12:13:41.631Z" },
    { url = "https://files.pythonhosted.org/packages/ee/6c/b4c7ba46218953a822f17813ed2d86238a04ca7937de286841a2c18ff857/ty-0.0.1a17-py3-none-musllinux_1_2_aarch64.whl", hash = "sha256:96681e474600811066bf42e3e2cfac7603b7ca1da065fb4f852f94f3df9c944a", size = 7730711, upload-time = "2025-08-06T12:13:43.32Z" },
    { url = "https://files.pythonhosted.org/packages/74/fd/f3aa541e1b7e1d0becf9f28e44e986ae5eb556f827a5312011026938d197/ty-0.0.1a17-py3-none-musllinux_1_2_armv7l.whl", hash = "sha256:0ddc72485af203a70267c522ff6ab6cf648ea0a065a7fa542e9e9552c83cdaee", size = 7836927, upload-time = "2025-08-06T12:13:44.614Z" },
    { url = "https://files.pythonhosted.org/packages/94/06/7d8b4b52af385a20705cc063a7f9c144aae3b6aaef165ad2fcc029c9f755/ty-0.0.1a17-py3-none-musllinux_1_2_i686.whl", hash = "sha256:7b05f97cc5149b01cb979b9b6b2d773055fb482e490d7169d7c3a213de07ade5", size = 8304523, upload-time = "2025-08-06T12:13:45.983Z" },
    { url = "https://files.pythonhosted.org/packages/6d/a6/e14d4600339a6654e9ccc90ad9662a116f9544e0afb8d0abf1c99d6a2c2d/ty-0.0.1a17-py3-none-musllinux_1_2_x86_64.whl", hash = "sha256:8f80d9b5bc8681fe072ede10d4052035ec1f54c194532932e6c4230a2a5526e5", size = 8492400, upload-time = "2025-08-06T12:13:47.406Z" },
    { url = "https://files.pythonhosted.org/packages/ab/90/19dac956ab9f1ad04b4d1a38df856b44f237b3eda5af5b76a29439e64165/ty-0.0.1a17-py3-none-win32.whl", hash = "sha256:c3ba585145c4a019cb31001a1d0bd606e01fe01b285a20188a42eba165dddd50", size = 7617341, upload-time = "2025-08-06T12:13:49.093Z" },
    { url = "https://files.pythonhosted.org/packages/f5/94/08e2b3f6bc0af97abcd3fcc8ea28797a627296613256ae37e98043c871ca/ty-0.0.1a17-py3-none-win_amd64.whl", hash = "sha256:7d00b569ebd4635c58840d2ed9e1d2d8b36f496619c0bc0c8d1777767786b508", size = 8230727, upload-time = "2025-08-06T12:13:50.705Z" },
    { url = "https://files.pythonhosted.org/packages/98/c6/207bbc2f3bb71df4b1aeabe8e9c31a1cd22c72aff0ab9c1a832b9ae54f6e/ty-0.0.1a17-py3-none-win_arm64.whl", hash = "sha256:636eacc1dceaf09325415a70a03cd57eae53e5c7f281813aaa943a698a45cddb", size = 7782847, upload-time = "2025-08-06T12:13:54.243Z" },
]
